{
  "version": 4,
  "terraform_version": "1.9.8",
  "serial": 3,
  "lineage": "d20331d4-1c0f-18f2-d35c-e253ab3664b2",
  "outputs": {},
  "resources": [
    {
      "mode": "managed",
      "type": "google_project",
      "name": "prj_ccrkt",
      "provider": "provider[\"registry.terraform.io/hashicorp/google\"]",
      "instances": [
        {
          "schema_version": 1,
          "attributes": {
            "auto_create_network": true,
            "billing_account": "01006D-BF201D-1C3D55",
            "deletion_policy": "PREVENT",
            "effective_labels": {
              "goog-terraform-provisioned": "true"
            },
            "folder_id": null,
            "id": "projects/prj-cloudcricket-dev-0",
            "labels": null,
            "name": "prj-cloudcricket-dev-0",
            "number": "157663146540",
            "org_id": null,
            "project_id": "prj-cloudcricket-dev-0",
            "tags": null,
            "terraform_labels": {
              "goog-terraform-provisioned": "true"
            },
            "timeouts": null
          },
          "sensitive_attributes": [],
          "private": "eyJlMmJmYjczMC1lY2FhLTExZTYtOGY4OC0zNDM2M2JjN2M0YzAiOnsiY3JlYXRlIjo2MDAwMDAwMDAwMDAsImRlbGV0ZSI6NjAwMDAwMDAwMDAwLCJyZWFkIjo2MDAwMDAwMDAwMDAsInVwZGF0ZSI6NjAwMDAwMDAwMDAwfSwic2NoZW1hX3ZlcnNpb24iOiIxIn0="
        }
      ]
    }
  ],
  "check_results": null
}
